
Microsoft Visual Studio Solution File, Format Version 12.00
# Visual Studio Version 17
VisualStudioVersion = 17.13.35931.197 d17.13
MinimumVisualStudioVersion = 10.0.40219.1
Project("{FAE04EC0-301F-11D3-BF4B-00C04F79EFBC}") = "NewsAggregator", "NewsAggregator\NewsAggregator.csproj", "{28C8FC84-1318-49A1-8B20-1DD241AE14B5}"
EndProject
Global
	GlobalSection(SolutionConfigurationPlatforms) = preSolution
		Debug|Any CPU = Debug|Any CPU
		Release|Any CPU = Release|Any CPU
	EndGlobalSection
	GlobalSection(ProjectConfigurationPlatforms) = postSolution
		{28C8FC84-1318-49A1-8B20-1DD241AE14B5}.Debug|Any CPU.ActiveCfg = Debug|Any CPU
		{28C8FC84-1318-49A1-8B20-1DD241AE14B5}.Debug|Any CPU.Build.0 = Debug|Any CPU
		{28C8FC84-1318-49A1-8B20-1DD241AE14B5}.Release|Any CPU.ActiveCfg = Release|Any CPU
		{28C8FC84-1318-49A1-8B20-1DD241AE14B5}.Release|Any CPU.Build.0 = Release|Any CPU
	EndGlobalSection
	GlobalSection(SolutionProperties) = preSolution
		HideSolutionNode = FALSE
	EndGlobalSection
	GlobalSection(ExtensibilityGlobals) = postSolution
		SolutionGuid = {1BB5A59F-1FB0-4C1B-A08D-5B5CDA77A8ED}
	EndGlobalSection
EndGlobal
